// !$*UTF8*$!
{
	archiveVersion = 1;
	classes = {
	};
	objectVersion = 46;
	objects = {

/* Begin PBXBuildFile section */
		466DFF75999E037E2EF0D274 /* libPods-BuildingEasyWeb.a in Frameworks */ = {isa = PBXBuildFile; fileRef = 885945DC87E6AF2F42F4C9AA /* libPods-BuildingEasyWeb.a */; };
		C782F4801EE9B9DD0067C07F /* MeCellBase.m in Sources */ = {isa = PBXBuildFile; fileRef = C782F47E1EE9B9DD0067C07F /* MeCellBase.m */; };
		C782F4811EE9B9DD0067C07F /* MeCellBase.xib in Resources */ = {isa = PBXBuildFile; fileRef = C782F47F1EE9B9DD0067C07F /* MeCellBase.xib */; };
		C782F4851EE9B9FC0067C07F /* MeController.m in Sources */ = {isa = PBXBuildFile; fileRef = C782F4831EE9B9FC0067C07F /* MeController.m */; };
		C782F4861EE9B9FC0067C07F /* MeController.xib in Resources */ = {isa = PBXBuildFile; fileRef = C782F4841EE9B9FC0067C07F /* MeController.xib */; };
		C782F48A1EE9CDAD0067C07F /* MeCellInfo.m in Sources */ = {isa = PBXBuildFile; fileRef = C782F4881EE9CDAD0067C07F /* MeCellInfo.m */; };
		C782F48B1EE9CDAD0067C07F /* MeCellInfo.xib in Resources */ = {isa = PBXBuildFile; fileRef = C782F4891EE9CDAD0067C07F /* MeCellInfo.xib */; };
		C782F48F1EE9D7430067C07F /* MeCellStatus.m in Sources */ = {isa = PBXBuildFile; fileRef = C782F48D1EE9D7430067C07F /* MeCellStatus.m */; };
		C782F4901EE9D7430067C07F /* MeCellStatus.xib in Resources */ = {isa = PBXBuildFile; fileRef = C782F48E1EE9D7430067C07F /* MeCellStatus.xib */; };
		C782F4991EEBCAD80067C07F /* AboutMeController.m in Sources */ = {isa = PBXBuildFile; fileRef = C782F4971EEBCAD80067C07F /* AboutMeController.m */; };
		C782F49A1EEBCAD80067C07F /* AboutMeController.xib in Resources */ = {isa = PBXBuildFile; fileRef = C782F4981EEBCAD80067C07F /* AboutMeController.xib */; };
		C782F49E1EED21790067C07F /* FeedbackController.m in Sources */ = {isa = PBXBuildFile; fileRef = C782F49C1EED21790067C07F /* FeedbackController.m */; };
		C782F49F1EED21790067C07F /* FeedbackController.xib in Resources */ = {isa = PBXBuildFile; fileRef = C782F49D1EED21790067C07F /* FeedbackController.xib */; };
		C782F4A31EED51BE0067C07F /* MyMessageController.m in Sources */ = {isa = PBXBuildFile; fileRef = C782F4A11EED51BE0067C07F /* MyMessageController.m */; };
		C782F4A41EED51BE0067C07F /* MyMessageController.xib in Resources */ = {isa = PBXBuildFile; fileRef = C782F4A21EED51BE0067C07F /* MyMessageController.xib */; };
		C782F4A81EEDB5910067C07F /* MyMsgCell.m in Sources */ = {isa = PBXBuildFile; fileRef = C782F4A61EEDB5910067C07F /* MyMsgCell.m */; };
		C782F4A91EEDB5910067C07F /* MyMsgCell.xib in Resources */ = {isa = PBXBuildFile; fileRef = C782F4A71EEDB5910067C07F /* MyMsgCell.xib */; };
		C782F4AC1EEEF78B0067C07F /* MsgModel.m in Sources */ = {isa = PBXBuildFile; fileRef = C782F4AB1EEEF78B0067C07F /* MsgModel.m */; };
		C7BBCE6B1EF0414B000EF857 /* MyInfoController.m in Sources */ = {isa = PBXBuildFile; fileRef = C7BBCE691EF0414B000EF857 /* MyInfoController.m */; };
		C7BBCE6C1EF0414B000EF857 /* MyInfoController.xib in Resources */ = {isa = PBXBuildFile; fileRef = C7BBCE6A1EF0414B000EF857 /* MyInfoController.xib */; };
		CF184E5C1EE2E844009E7A3C /* LocationManager.m in Sources */ = {isa = PBXBuildFile; fileRef = CF184E5B1EE2E844009E7A3C /* LocationManager.m */; };
		CF184E5E1EE2E878009E7A3C /* CoreLocation.framework in Frameworks */ = {isa = PBXBuildFile; fileRef = CF184E5D1EE2E878009E7A3C /* CoreLocation.framework */; };
		CF2F53A41EF184AA00A2DADD /* BuildingSectionView.m in Sources */ = {isa = PBXBuildFile; fileRef = CF2F53A31EF184AA00A2DADD /* BuildingSectionView.m */; };
		CF2F53A61EF184B600A2DADD /* BuildingSectionView.xib in Resources */ = {isa = PBXBuildFile; fileRef = CF2F53A51EF184B600A2DADD /* BuildingSectionView.xib */; };
		CF3061C61EE3F85E00D3FC7E /* MapKit.framework in Frameworks */ = {isa = PBXBuildFile; fileRef = CF3061C51EE3F85E00D3FC7E /* MapKit.framework */; };
		CF3061C91EE3F96500D3FC7E /* OpenSystemUrlManager.m in Sources */ = {isa = PBXBuildFile; fileRef = CF3061C81EE3F96500D3FC7E /* OpenSystemUrlManager.m */; };
		CF3061CB1EE3FDAA00D3FC7E /* Contacts.framework in Frameworks */ = {isa = PBXBuildFile; fileRef = CF3061CA1EE3FDAA00D3FC7E /* Contacts.framework */; settings = {ATTRIBUTES = (Weak, ); }; };
		CF3061CD1EE3FDC100D3FC7E /* AddressBook.framework in Frameworks */ = {isa = PBXBuildFile; fileRef = CF3061CC1EE3FDC100D3FC7E /* AddressBook.framework */; };
		CF3061D01EE4003A00D3FC7E /* ContactManager.m in Sources */ = {isa = PBXBuildFile; fileRef = CF3061CF1EE4003A00D3FC7E /* ContactManager.m */; };
		CF413D511EEADDE7009A1B50 /* BuildingBaseInfoCell.m in Sources */ = {isa = PBXBuildFile; fileRef = CF413D4F1EEADDE7009A1B50 /* BuildingBaseInfoCell.m */; };
		CF413D521EEADDE7009A1B50 /* BuildingBaseInfoCell.xib in Resources */ = {isa = PBXBuildFile; fileRef = CF413D501EEADDE7009A1B50 /* BuildingBaseInfoCell.xib */; };
		CF413D561EEAE9A0009A1B50 /* BaobeiController.m in Sources */ = {isa = PBXBuildFile; fileRef = CF413D541EEAE9A0009A1B50 /* BaobeiController.m */; };
		CF413D571EEAE9A0009A1B50 /* BaobeiController.xib in Resources */ = {isa = PBXBuildFile; fileRef = CF413D551EEAE9A0009A1B50 /* BaobeiController.xib */; };
		CF413D5A1EEAF44E009A1B50 /* NSString+Addition.m in Sources */ = {isa = PBXBuildFile; fileRef = CF413D591EEAF44E009A1B50 /* NSString+Addition.m */; };
		CF45481E1EEEE3E0001829E9 /* BuildingListModel.m in Sources */ = {isa = PBXBuildFile; fileRef = CF45481D1EEEE3E0001829E9 /* BuildingListModel.m */; };
		CF55FF181EE8316B00B0ACD9 /* BuildingDetailController.m in Sources */ = {isa = PBXBuildFile; fileRef = CF55FF161EE8316B00B0ACD9 /* BuildingDetailController.m */; };
		CF55FF191EE8316B00B0ACD9 /* BuildingDetailController.xib in Resources */ = {isa = PBXBuildFile; fileRef = CF55FF171EE8316B00B0ACD9 /* BuildingDetailController.xib */; };
		CF5785D41EE59B6700994741 /* UIView+MBProgressHUD.m in Sources */ = {isa = PBXBuildFile; fileRef = CF5785D31EE59B6700994741 /* UIView+MBProgressHUD.m */; };
		CF5785D71EE59D2100994741 /* Global.m in Sources */ = {isa = PBXBuildFile; fileRef = CF5785D61EE59D2100994741 /* Global.m */; };
		CF5785DB1EE5A3C400994741 /* FindPassWordController.m in Sources */ = {isa = PBXBuildFile; fileRef = CF5785D91EE5A3C400994741 /* FindPassWordController.m */; };
		CF5785DC1EE5A3C400994741 /* FindPassWordController.xib in Resources */ = {isa = PBXBuildFile; fileRef = CF5785DA1EE5A3C400994741 /* FindPassWordController.xib */; };
		CF5A4C531EE04769002A281B /* main.m in Sources */ = {isa = PBXBuildFile; fileRef = CF5A4C521EE04769002A281B /* main.m */; };
		CF5A4C561EE04769002A281B /* AppDelegate.m in Sources */ = {isa = PBXBuildFile; fileRef = CF5A4C551EE04769002A281B /* AppDelegate.m */; };
		CF5A4C5E1EE04769002A281B /* Assets.xcassets in Resources */ = {isa = PBXBuildFile; fileRef = CF5A4C5D1EE04769002A281B /* Assets.xcassets */; };
		CF5A4C7A1EE05357002A281B /* BaseController.m in Sources */ = {isa = PBXBuildFile; fileRef = CF5A4C791EE05357002A281B /* BaseController.m */; };
		CF5A4C7D1EE053EE002A281B /* LoginManager.m in Sources */ = {isa = PBXBuildFile; fileRef = CF5A4C7C1EE053EE002A281B /* LoginManager.m */; };
		CF5A4CB71EE065C6002A281B /* LoginController.m in Sources */ = {isa = PBXBuildFile; fileRef = CF5A4CB51EE065C6002A281B /* LoginController.m */; };
		CF5A4CB81EE065C6002A281B /* LoginController.xib in Resources */ = {isa = PBXBuildFile; fileRef = CF5A4CB61EE065C6002A281B /* LoginController.xib */; };
		CF5A4CC41EE0663C002A281B /* User.m in Sources */ = {isa = PBXBuildFile; fileRef = CF5A4CC31EE0663C002A281B /* User.m */; };
		CF665BF91EEB9AB200028B1B /* BaobeiCell.m in Sources */ = {isa = PBXBuildFile; fileRef = CF665BF71EEB9AB200028B1B /* BaobeiCell.m */; };
		CF665BFA1EEB9AB200028B1B /* BaobeiCell.xib in Resources */ = {isa = PBXBuildFile; fileRef = CF665BF81EEB9AB200028B1B /* BaobeiCell.xib */; };
		CF7720FB1EE6D6FD00DD5AE2 /* MainTabController.m in Sources */ = {isa = PBXBuildFile; fileRef = CF7720FA1EE6D6FD00DD5AE2 /* MainTabController.m */; };
		CF7721181EE6DEF200DD5AE2 /* BuildingCell.m in Sources */ = {isa = PBXBuildFile; fileRef = CF7721161EE6DEF200DD5AE2 /* BuildingCell.m */; };
		CF7721191EE6DEF200DD5AE2 /* BuildingCell.xib in Resources */ = {isa = PBXBuildFile; fileRef = CF7721171EE6DEF200DD5AE2 /* BuildingCell.xib */; };
		CF7721381EE6F32100DD5AE2 /* SectionFilterView.m in Sources */ = {isa = PBXBuildFile; fileRef = CF7721371EE6F32100DD5AE2 /* SectionFilterView.m */; };
		CF77213B1EE6F34900DD5AE2 /* AdsScrollView.m in Sources */ = {isa = PBXBuildFile; fileRef = CF77213A1EE6F34900DD5AE2 /* AdsScrollView.m */; };
		CFB630091EE250DC00AE5919 /* NetworkManager.m in Sources */ = {isa = PBXBuildFile; fileRef = CFB630081EE250DC00AE5919 /* NetworkManager.m */; };
		CFD016931EED353F003E1BF8 /* CityModel.m in Sources */ = {isa = PBXBuildFile; fileRef = CFD016921EED353F003E1BF8 /* CityModel.m */; };
		CFDD367C1EEBCAB5007497AC /* SelectBuildingController.m in Sources */ = {isa = PBXBuildFile; fileRef = CFDD367A1EEBCAB5007497AC /* SelectBuildingController.m */; };
		CFDD367D1EEBCAB5007497AC /* SelectBuildingController.xib in Resources */ = {isa = PBXBuildFile; fileRef = CFDD367B1EEBCAB5007497AC /* SelectBuildingController.xib */; };
		CFDD36801EEBCF38007497AC /* CALayer+Addition.m in Sources */ = {isa = PBXBuildFile; fileRef = CFDD367F1EEBCF38007497AC /* CALayer+Addition.m */; };
		CFDD36841EEBD4B9007497AC /* SelectBuildingCell.m in Sources */ = {isa = PBXBuildFile; fileRef = CFDD36821EEBD4B9007497AC /* SelectBuildingCell.m */; };
		CFDD36851EEBD4B9007497AC /* SelectBuildingCell.xib in Resources */ = {isa = PBXBuildFile; fileRef = CFDD36831EEBD4B9007497AC /* SelectBuildingCell.xib */; };
		CFDD36881EEBD87B007497AC /* AreaSectionFilterView.m in Sources */ = {isa = PBXBuildFile; fileRef = CFDD36871EEBD87B007497AC /* AreaSectionFilterView.m */; };
		CFDD368C1EEBE2C0007497AC /* CityListController.m in Sources */ = {isa = PBXBuildFile; fileRef = CFDD368A1EEBE2C0007497AC /* CityListController.m */; };
		CFDD368D1EEBE2C0007497AC /* CityListController.xib in Resources */ = {isa = PBXBuildFile; fileRef = CFDD368B1EEBE2C0007497AC /* CityListController.xib */; };
		CFDD36911EEBE52F007497AC /* ContactListController.m in Sources */ = {isa = PBXBuildFile; fileRef = CFDD368F1EEBE52F007497AC /* ContactListController.m */; };
		CFDD36921EEBE52F007497AC /* ContactListController.xib in Resources */ = {isa = PBXBuildFile; fileRef = CFDD36901EEBE52F007497AC /* ContactListController.xib */; };
		CFDD36951EEBEB4D007497AC /* ContactModel.m in Sources */ = {isa = PBXBuildFile; fileRef = CFDD36941EEBEB4D007497AC /* ContactModel.m */; };
		CFDD36991EEBF297007497AC /* ContactCell.m in Sources */ = {isa = PBXBuildFile; fileRef = CFDD36971EEBF297007497AC /* ContactCell.m */; };
		CFDD369A1EEBF297007497AC /* ContactCell.xib in Resources */ = {isa = PBXBuildFile; fileRef = CFDD36981EEBF297007497AC /* ContactCell.xib */; };
		CFE828D51EE39B3600290C79 /* UIViewController+MBProgressHUD.m in Sources */ = {isa = PBXBuildFile; fileRef = CFE828D41EE39B3600290C79 /* UIViewController+MBProgressHUD.m */; };
		CFEEC0101EE2A79800E1DB74 /* UIView+Addition.m in Sources */ = {isa = PBXBuildFile; fileRef = CFEEC00F1EE2A79800E1DB74 /* UIView+Addition.m */; };
		CFEEC0131EE2A84000E1DB74 /* UINavigationController+Addition.m in Sources */ = {isa = PBXBuildFile; fileRef = CFEEC0121EE2A84000E1DB74 /* UINavigationController+Addition.m */; };
		CFEEC0181EE2B0DD00E1DB74 /* RegisterController.m in Sources */ = {isa = PBXBuildFile; fileRef = CFEEC0161EE2B0DD00E1DB74 /* RegisterController.m */; };
		CFEEC0191EE2B0DD00E1DB74 /* RegisterController.xib in Resources */ = {isa = PBXBuildFile; fileRef = CFEEC0171EE2B0DD00E1DB74 /* RegisterController.xib */; };
		CFEEC01D1EE2B5B800E1DB74 /* BuildingController.m in Sources */ = {isa = PBXBuildFile; fileRef = CFEEC01B1EE2B5B800E1DB74 /* BuildingController.m */; };
		CFEEC01E1EE2B5B800E1DB74 /* BuildingController.xib in Resources */ = {isa = PBXBuildFile; fileRef = CFEEC01C1EE2B5B800E1DB74 /* BuildingController.xib */; };
		CFEEC0211EE2BBD100E1DB74 /* TableRefreshManager.m in Sources */ = {isa = PBXBuildFile; fileRef = CFEEC0201EE2BBD100E1DB74 /* TableRefreshManager.m */; };
		CFEEC0241EE2BE5C00E1DB74 /* UITableView+Addition.m in Sources */ = {isa = PBXBuildFile; fileRef = CFEEC0231EE2BE5C00E1DB74 /* UITableView+Addition.m */; };
/* End PBXBuildFile section */

/* Begin PBXFileReference section */
		5512E8F545C3BB390F7AACE0 /* Pods-BuildingEasyWeb.release.xcconfig */ = {isa = PBXFileReference; includeInIndex = 1; lastKnownFileType = text.xcconfig; name = "Pods-BuildingEasyWeb.release.xcconfig"; path = "Pods/Target Support Files/Pods-BuildingEasyWeb/Pods-BuildingEasyWeb.release.xcconfig"; sourceTree = "<group>"; };
		885945DC87E6AF2F42F4C9AA /* libPods-BuildingEasyWeb.a */ = {isa = PBXFileReference; explicitFileType = archive.ar; includeInIndex = 0; path = "libPods-BuildingEasyWeb.a"; sourceTree = BUILT_PRODUCTS_DIR; };
		C782F47D1EE9B9DD0067C07F /* MeCellBase.h */ = {isa = PBXFileReference; fileEncoding = 4; lastKnownFileType = sourcecode.c.h; path = MeCellBase.h; sourceTree = "<group>"; };
		C782F47E1EE9B9DD0067C07F /* MeCellBase.m */ = {isa = PBXFileReference; fileEncoding = 4; lastKnownFileType = sourcecode.c.objc; path = MeCellBase.m; sourceTree = "<group>"; };
		C782F47F1EE9B9DD0067C07F /* MeCellBase.xib */ = {isa = PBXFileReference; fileEncoding = 4; lastKnownFileType = file.xib; path = MeCellBase.xib; sourceTree = "<group>"; };
		C782F4821EE9B9FC0067C07F /* MeController.h */ = {isa = PBXFileReference; fileEncoding = 4; lastKnownFileType = sourcecode.c.h; path = MeController.h; sourceTree = "<group>"; };
		C782F4831EE9B9FC0067C07F /* MeController.m */ = {isa = PBXFileReference; fileEncoding = 4; lastKnownFileType = sourcecode.c.objc; path = MeController.m; sourceTree = "<group>"; };
		C782F4841EE9B9FC0067C07F /* MeController.xib */ = {isa = PBXFileReference; fileEncoding = 4; lastKnownFileType = file.xib; path = MeController.xib; sourceTree = "<group>"; };
		C782F4871EE9CDAD0067C07F /* MeCellInfo.h */ = {isa = PBXFileReference; fileEncoding = 4; lastKnownFileType = sourcecode.c.h; path = MeCellInfo.h; sourceTree = "<group>"; };
		C782F4881EE9CDAD0067C07F /* MeCellInfo.m */ = {isa = PBXFileReference; fileEncoding = 4; lastKnownFileType = sourcecode.c.objc; path = MeCellInfo.m; sourceTree = "<group>"; };
		C782F4891EE9CDAD0067C07F /* MeCellInfo.xib */ = {isa = PBXFileReference; fileEncoding = 4; lastKnownFileType = file.xib; path = MeCellInfo.xib; sourceTree = "<group>"; };
		C782F48C1EE9D7430067C07F /* MeCellStatus.h */ = {isa = PBXFileReference; fileEncoding = 4; lastKnownFileType = sourcecode.c.h; path = MeCellStatus.h; sourceTree = "<group>"; };
		C782F48D1EE9D7430067C07F /* MeCellStatus.m */ = {isa = PBXFileReference; fileEncoding = 4; lastKnownFileType = sourcecode.c.objc; path = MeCellStatus.m; sourceTree = "<group>"; };
		C782F48E1EE9D7430067C07F /* MeCellStatus.xib */ = {isa = PBXFileReference; fileEncoding = 4; lastKnownFileType = file.xib; path = MeCellStatus.xib; sourceTree = "<group>"; };
		C782F4961EEBCAD80067C07F /* AboutMeController.h */ = {isa = PBXFileReference; fileEncoding = 4; lastKnownFileType = sourcecode.c.h; path = AboutMeController.h; sourceTree = "<group>"; };
		C782F4971EEBCAD80067C07F /* AboutMeController.m */ = {isa = PBXFileReference; fileEncoding = 4; lastKnownFileType = sourcecode.c.objc; path = AboutMeController.m; sourceTree = "<group>"; };
		C782F4981EEBCAD80067C07F /* AboutMeController.xib */ = {isa = PBXFileReference; fileEncoding = 4; lastKnownFileType = file.xib; path = AboutMeController.xib; sourceTree = "<group>"; };
		C782F49B1EED21790067C07F /* FeedbackController.h */ = {isa = PBXFileReference; fileEncoding = 4; lastKnownFileType = sourcecode.c.h; path = FeedbackController.h; sourceTree = "<group>"; };
		C782F49C1EED21790067C07F /* FeedbackController.m */ = {isa = PBXFileReference; fileEncoding = 4; lastKnownFileType = sourcecode.c.objc; path = FeedbackController.m; sourceTree = "<group>"; };
		C782F49D1EED21790067C07F /* FeedbackController.xib */ = {isa = PBXFileReference; fileEncoding = 4; lastKnownFileType = file.xib; path = FeedbackController.xib; sourceTree = "<group>"; };
		C782F4A01EED51BE0067C07F /* MyMessageController.h */ = {isa = PBXFileReference; fileEncoding = 4; lastKnownFileType = sourcecode.c.h; path = MyMessageController.h; sourceTree = "<group>"; };
		C782F4A11EED51BE0067C07F /* MyMessageController.m */ = {isa = PBXFileReference; fileEncoding = 4; lastKnownFileType = sourcecode.c.objc; path = MyMessageController.m; sourceTree = "<group>"; };
		C782F4A21EED51BE0067C07F /* MyMessageController.xib */ = {isa = PBXFileReference; fileEncoding = 4; lastKnownFileType = file.xib; path = MyMessageController.xib; sourceTree = "<group>"; };
		C782F4A51EEDB5910067C07F /* MyMsgCell.h */ = {isa = PBXFileReference; fileEncoding = 4; lastKnownFileType = sourcecode.c.h; name = MyMsgCell.h; path = "BuildingEasyWeb/我的/View/MyMsgCell.h"; sourceTree = SOURCE_ROOT; };
		C782F4A61EEDB5910067C07F /* MyMsgCell.m */ = {isa = PBXFileReference; fileEncoding = 4; lastKnownFileType = sourcecode.c.objc; name = MyMsgCell.m; path = "BuildingEasyWeb/我的/View/MyMsgCell.m"; sourceTree = SOURCE_ROOT; };
		C782F4A71EEDB5910067C07F /* MyMsgCell.xib */ = {isa = PBXFileReference; fileEncoding = 4; lastKnownFileType = file.xib; name = MyMsgCell.xib; path = "BuildingEasyWeb/我的/View/MyMsgCell.xib"; sourceTree = SOURCE_ROOT; };
		C782F4AA1EEEF78B0067C07F /* MsgModel.h */ = {isa = PBXFileReference; fileEncoding = 4; lastKnownFileType = sourcecode.c.h; path = MsgModel.h; sourceTree = "<group>"; };
		C782F4AB1EEEF78B0067C07F /* MsgModel.m */ = {isa = PBXFileReference; fileEncoding = 4; lastKnownFileType = sourcecode.c.objc; path = MsgModel.m; sourceTree = "<group>"; };
		C7BBCE681EF0414B000EF857 /* MyInfoController.h */ = {isa = PBXFileReference; fileEncoding = 4; lastKnownFileType = sourcecode.c.h; path = MyInfoController.h; sourceTree = "<group>"; };
		C7BBCE691EF0414B000EF857 /* MyInfoController.m */ = {isa = PBXFileReference; fileEncoding = 4; lastKnownFileType = sourcecode.c.objc; path = MyInfoController.m; sourceTree = "<group>"; };
		C7BBCE6A1EF0414B000EF857 /* MyInfoController.xib */ = {isa = PBXFileReference; fileEncoding = 4; lastKnownFileType = file.xib; path = MyInfoController.xib; sourceTree = "<group>"; };
		CF184E5A1EE2E844009E7A3C /* LocationManager.h */ = {isa = PBXFileReference; fileEncoding = 4; lastKnownFileType = sourcecode.c.h; path = LocationManager.h; sourceTree = "<group>"; };
		CF184E5B1EE2E844009E7A3C /* LocationManager.m */ = {isa = PBXFileReference; fileEncoding = 4; lastKnownFileType = sourcecode.c.objc; path = LocationManager.m; sourceTree = "<group>"; };
		CF184E5D1EE2E878009E7A3C /* CoreLocation.framework */ = {isa = PBXFileReference; lastKnownFileType = wrapper.framework; name = CoreLocation.framework; path = System/Library/Frameworks/CoreLocation.framework; sourceTree = SDKROOT; };
		CF2F53A21EF184AA00A2DADD /* BuildingSectionView.h */ = {isa = PBXFileReference; fileEncoding = 4; lastKnownFileType = sourcecode.c.h; path = BuildingSectionView.h; sourceTree = "<group>"; };
		CF2F53A31EF184AA00A2DADD /* BuildingSectionView.m */ = {isa = PBXFileReference; fileEncoding = 4; lastKnownFileType = sourcecode.c.objc; path = BuildingSectionView.m; sourceTree = "<group>"; };
		CF2F53A51EF184B600A2DADD /* BuildingSectionView.xib */ = {isa = PBXFileReference; fileEncoding = 4; lastKnownFileType = file.xib; path = BuildingSectionView.xib; sourceTree = "<group>"; };
		CF3061C51EE3F85E00D3FC7E /* MapKit.framework */ = {isa = PBXFileReference; lastKnownFileType = wrapper.framework; name = MapKit.framework; path = System/Library/Frameworks/MapKit.framework; sourceTree = SDKROOT; };
		CF3061C71EE3F96500D3FC7E /* OpenSystemUrlManager.h */ = {isa = PBXFileReference; fileEncoding = 4; lastKnownFileType = sourcecode.c.h; path = OpenSystemUrlManager.h; sourceTree = "<group>"; };
		CF3061C81EE3F96500D3FC7E /* OpenSystemUrlManager.m */ = {isa = PBXFileReference; fileEncoding = 4; lastKnownFileType = sourcecode.c.objc; path = OpenSystemUrlManager.m; sourceTree = "<group>"; };
		CF3061CA1EE3FDAA00D3FC7E /* Contacts.framework */ = {isa = PBXFileReference; lastKnownFileType = wrapper.framework; name = Contacts.framework; path = System/Library/Frameworks/Contacts.framework; sourceTree = SDKROOT; };
		CF3061CC1EE3FDC100D3FC7E /* AddressBook.framework */ = {isa = PBXFileReference; lastKnownFileType = wrapper.framework; name = AddressBook.framework; path = System/Library/Frameworks/AddressBook.framework; sourceTree = SDKROOT; };
		CF3061CE1EE4003A00D3FC7E /* ContactManager.h */ = {isa = PBXFileReference; fileEncoding = 4; lastKnownFileType = sourcecode.c.h; path = ContactManager.h; sourceTree = "<group>"; };
		CF3061CF1EE4003A00D3FC7E /* ContactManager.m */ = {isa = PBXFileReference; fileEncoding = 4; lastKnownFileType = sourcecode.c.objc; path = ContactManager.m; sourceTree = "<group>"; };
		CF413D4E1EEADDE7009A1B50 /* BuildingBaseInfoCell.h */ = {isa = PBXFileReference; fileEncoding = 4; lastKnownFileType = sourcecode.c.h; path = BuildingBaseInfoCell.h; sourceTree = "<group>"; };
		CF413D4F1EEADDE7009A1B50 /* BuildingBaseInfoCell.m */ = {isa = PBXFileReference; fileEncoding = 4; lastKnownFileType = sourcecode.c.objc; path = BuildingBaseInfoCell.m; sourceTree = "<group>"; };
		CF413D501EEADDE7009A1B50 /* BuildingBaseInfoCell.xib */ = {isa = PBXFileReference; fileEncoding = 4; lastKnownFileType = file.xib; path = BuildingBaseInfoCell.xib; sourceTree = "<group>"; };
		CF413D531EEAE9A0009A1B50 /* BaobeiController.h */ = {isa = PBXFileReference; fileEncoding = 4; lastKnownFileType = sourcecode.c.h; path = BaobeiController.h; sourceTree = "<group>"; };
		CF413D541EEAE9A0009A1B50 /* BaobeiController.m */ = {isa = PBXFileReference; fileEncoding = 4; lastKnownFileType = sourcecode.c.objc; path = BaobeiController.m; sourceTree = "<group>"; };
		CF413D551EEAE9A0009A1B50 /* BaobeiController.xib */ = {isa = PBXFileReference; fileEncoding = 4; lastKnownFileType = file.xib; path = BaobeiController.xib; sourceTree = "<group>"; };
		CF413D581EEAF44E009A1B50 /* NSString+Addition.h */ = {isa = PBXFileReference; fileEncoding = 4; lastKnownFileType = sourcecode.c.h; path = "NSString+Addition.h"; sourceTree = "<group>"; };
		CF413D591EEAF44E009A1B50 /* NSString+Addition.m */ = {isa = PBXFileReference; fileEncoding = 4; lastKnownFileType = sourcecode.c.objc; path = "NSString+Addition.m"; sourceTree = "<group>"; };
		CF45481C1EEEE3E0001829E9 /* BuildingListModel.h */ = {isa = PBXFileReference; fileEncoding = 4; lastKnownFileType = sourcecode.c.h; path = BuildingListModel.h; sourceTree = "<group>"; };
		CF45481D1EEEE3E0001829E9 /* BuildingListModel.m */ = {isa = PBXFileReference; fileEncoding = 4; lastKnownFileType = sourcecode.c.objc; path = BuildingListModel.m; sourceTree = "<group>"; };
		CF55FF151EE8316B00B0ACD9 /* BuildingDetailController.h */ = {isa = PBXFileReference; fileEncoding = 4; lastKnownFileType = sourcecode.c.h; path = BuildingDetailController.h; sourceTree = "<group>"; };
		CF55FF161EE8316B00B0ACD9 /* BuildingDetailController.m */ = {isa = PBXFileReference; fileEncoding = 4; lastKnownFileType = sourcecode.c.objc; path = BuildingDetailController.m; sourceTree = "<group>"; };
		CF55FF171EE8316B00B0ACD9 /* BuildingDetailController.xib */ = {isa = PBXFileReference; fileEncoding = 4; lastKnownFileType = file.xib; path = BuildingDetailController.xib; sourceTree = "<group>"; };
		CF5785D21EE59B6700994741 /* UIView+MBProgressHUD.h */ = {isa = PBXFileReference; fileEncoding = 4; lastKnownFileType = sourcecode.c.h; path = "UIView+MBProgressHUD.h"; sourceTree = "<group>"; };
		CF5785D31EE59B6700994741 /* UIView+MBProgressHUD.m */ = {isa = PBXFileReference; fileEncoding = 4; lastKnownFileType = sourcecode.c.objc; path = "UIView+MBProgressHUD.m"; sourceTree = "<group>"; };
		CF5785D51EE59D2100994741 /* Global.h */ = {isa = PBXFileReference; fileEncoding = 4; lastKnownFileType = sourcecode.c.h; path = Global.h; sourceTree = "<group>"; };
		CF5785D61EE59D2100994741 /* Global.m */ = {isa = PBXFileReference; fileEncoding = 4; lastKnownFileType = sourcecode.c.objc; path = Global.m; sourceTree = "<group>"; };
		CF5785D81EE5A3C400994741 /* FindPassWordController.h */ = {isa = PBXFileReference; fileEncoding = 4; lastKnownFileType = sourcecode.c.h; path = FindPassWordController.h; sourceTree = "<group>"; };
		CF5785D91EE5A3C400994741 /* FindPassWordController.m */ = {isa = PBXFileReference; fileEncoding = 4; lastKnownFileType = sourcecode.c.objc; path = FindPassWordController.m; sourceTree = "<group>"; };
		CF5785DA1EE5A3C400994741 /* FindPassWordController.xib */ = {isa = PBXFileReference; fileEncoding = 4; lastKnownFileType = file.xib; path = FindPassWordController.xib; sourceTree = "<group>"; };
		CF5A4C4E1EE04769002A281B /* BuildingEasyWeb.app */ = {isa = PBXFileReference; explicitFileType = wrapper.application; includeInIndex = 0; path = BuildingEasyWeb.app; sourceTree = BUILT_PRODUCTS_DIR; };
		CF5A4C521EE04769002A281B /* main.m */ = {isa = PBXFileReference; lastKnownFileType = sourcecode.c.objc; path = main.m; sourceTree = "<group>"; };
		CF5A4C541EE04769002A281B /* AppDelegate.h */ = {isa = PBXFileReference; lastKnownFileType = sourcecode.c.h; path = AppDelegate.h; sourceTree = "<group>"; };
		CF5A4C551EE04769002A281B /* AppDelegate.m */ = {isa = PBXFileReference; lastKnownFileType = sourcecode.c.objc; path = AppDelegate.m; sourceTree = "<group>"; };
		CF5A4C5D1EE04769002A281B /* Assets.xcassets */ = {isa = PBXFileReference; lastKnownFileType = folder.assetcatalog; path = Assets.xcassets; sourceTree = "<group>"; };
		CF5A4C621EE04769002A281B /* Info.plist */ = {isa = PBXFileReference; lastKnownFileType = text.plist.xml; path = Info.plist; sourceTree = "<group>"; };
		CF5A4C781EE05357002A281B /* BaseController.h */ = {isa = PBXFileReference; fileEncoding = 4; lastKnownFileType = sourcecode.c.h; path = BaseController.h; sourceTree = "<group>"; };
		CF5A4C791EE05357002A281B /* BaseController.m */ = {isa = PBXFileReference; fileEncoding = 4; lastKnownFileType = sourcecode.c.objc; path = BaseController.m; sourceTree = "<group>"; };
		CF5A4C7B1EE053EE002A281B /* LoginManager.h */ = {isa = PBXFileReference; fileEncoding = 4; lastKnownFileType = sourcecode.c.h; path = LoginManager.h; sourceTree = "<group>"; };
		CF5A4C7C1EE053EE002A281B /* LoginManager.m */ = {isa = PBXFileReference; fileEncoding = 4; lastKnownFileType = sourcecode.c.objc; path = LoginManager.m; sourceTree = "<group>"; };
		CF5A4CB41EE065C6002A281B /* LoginController.h */ = {isa = PBXFileReference; fileEncoding = 4; lastKnownFileType = sourcecode.c.h; path = LoginController.h; sourceTree = "<group>"; };
		CF5A4CB51EE065C6002A281B /* LoginController.m */ = {isa = PBXFileReference; fileEncoding = 4; lastKnownFileType = sourcecode.c.objc; path = LoginController.m; sourceTree = "<group>"; };
		CF5A4CB61EE065C6002A281B /* LoginController.xib */ = {isa = PBXFileReference; fileEncoding = 4; lastKnownFileType = file.xib; path = LoginController.xib; sourceTree = "<group>"; };
		CF5A4CC21EE0663C002A281B /* User.h */ = {isa = PBXFileReference; fileEncoding = 4; lastKnownFileType = sourcecode.c.h; path = User.h; sourceTree = "<group>"; };
		CF5A4CC31EE0663C002A281B /* User.m */ = {isa = PBXFileReference; fileEncoding = 4; lastKnownFileType = sourcecode.c.objc; path = User.m; sourceTree = "<group>"; };
		CF665BF61EEB9AB200028B1B /* BaobeiCell.h */ = {isa = PBXFileReference; fileEncoding = 4; lastKnownFileType = sourcecode.c.h; path = BaobeiCell.h; sourceTree = "<group>"; };
		CF665BF71EEB9AB200028B1B /* BaobeiCell.m */ = {isa = PBXFileReference; fileEncoding = 4; lastKnownFileType = sourcecode.c.objc; path = BaobeiCell.m; sourceTree = "<group>"; };
		CF665BF81EEB9AB200028B1B /* BaobeiCell.xib */ = {isa = PBXFileReference; fileEncoding = 4; lastKnownFileType = file.xib; path = BaobeiCell.xib; sourceTree = "<group>"; };
		CF7720F91EE6D6FD00DD5AE2 /* MainTabController.h */ = {isa = PBXFileReference; fileEncoding = 4; lastKnownFileType = sourcecode.c.h; path = MainTabController.h; sourceTree = "<group>"; };
		CF7720FA1EE6D6FD00DD5AE2 /* MainTabController.m */ = {isa = PBXFileReference; fileEncoding = 4; lastKnownFileType = sourcecode.c.objc; path = MainTabController.m; sourceTree = "<group>"; };
		CF7721151EE6DEF200DD5AE2 /* BuildingCell.h */ = {isa = PBXFileReference; fileEncoding = 4; lastKnownFileType = sourcecode.c.h; path = BuildingCell.h; sourceTree = "<group>"; };
		CF7721161EE6DEF200DD5AE2 /* BuildingCell.m */ = {isa = PBXFileReference; fileEncoding = 4; lastKnownFileType = sourcecode.c.objc; path = BuildingCell.m; sourceTree = "<group>"; };
		CF7721171EE6DEF200DD5AE2 /* BuildingCell.xib */ = {isa = PBXFileReference; fileEncoding = 4; lastKnownFileType = file.xib; path = BuildingCell.xib; sourceTree = "<group>"; };
		CF7721361EE6F32100DD5AE2 /* SectionFilterView.h */ = {isa = PBXFileReference; fileEncoding = 4; lastKnownFileType = sourcecode.c.h; path = SectionFilterView.h; sourceTree = "<group>"; };
		CF7721371EE6F32100DD5AE2 /* SectionFilterView.m */ = {isa = PBXFileReference; fileEncoding = 4; lastKnownFileType = sourcecode.c.objc; path = SectionFilterView.m; sourceTree = "<group>"; };
		CF7721391EE6F34900DD5AE2 /* AdsScrollView.h */ = {isa = PBXFileReference; fileEncoding = 4; lastKnownFileType = sourcecode.c.h; path = AdsScrollView.h; sourceTree = "<group>"; };
		CF77213A1EE6F34900DD5AE2 /* AdsScrollView.m */ = {isa = PBXFileReference; fileEncoding = 4; lastKnownFileType = sourcecode.c.objc; path = AdsScrollView.m; sourceTree = "<group>"; };
		CFB630071EE250DC00AE5919 /* NetworkManager.h */ = {isa = PBXFileReference; fileEncoding = 4; lastKnownFileType = sourcecode.c.h; path = NetworkManager.h; sourceTree = "<group>"; };
		CFB630081EE250DC00AE5919 /* NetworkManager.m */ = {isa = PBXFileReference; fileEncoding = 4; lastKnownFileType = sourcecode.c.objc; path = NetworkManager.m; sourceTree = "<group>"; };
		CFD016911EED353F003E1BF8 /* CityModel.h */ = {isa = PBXFileReference; fileEncoding = 4; lastKnownFileType = sourcecode.c.h; path = CityModel.h; sourceTree = "<group>"; };
		CFD016921EED353F003E1BF8 /* CityModel.m */ = {isa = PBXFileReference; fileEncoding = 4; lastKnownFileType = sourcecode.c.objc; path = CityModel.m; sourceTree = "<group>"; };
		CFDD36791EEBCAB5007497AC /* SelectBuildingController.h */ = {isa = PBXFileReference; fileEncoding = 4; lastKnownFileType = sourcecode.c.h; path = SelectBuildingController.h; sourceTree = "<group>"; };
		CFDD367A1EEBCAB5007497AC /* SelectBuildingController.m */ = {isa = PBXFileReference; fileEncoding = 4; lastKnownFileType = sourcecode.c.objc; path = SelectBuildingController.m; sourceTree = "<group>"; };
		CFDD367B1EEBCAB5007497AC /* SelectBuildingController.xib */ = {isa = PBXFileReference; fileEncoding = 4; lastKnownFileType = file.xib; path = SelectBuildingController.xib; sourceTree = "<group>"; };
		CFDD367E1EEBCF38007497AC /* CALayer+Addition.h */ = {isa = PBXFileReference; fileEncoding = 4; lastKnownFileType = sourcecode.c.h; path = "CALayer+Addition.h"; sourceTree = "<group>"; };
		CFDD367F1EEBCF38007497AC /* CALayer+Addition.m */ = {isa = PBXFileReference; fileEncoding = 4; lastKnownFileType = sourcecode.c.objc; path = "CALayer+Addition.m"; sourceTree = "<group>"; };
		CFDD36811EEBD4B9007497AC /* SelectBuildingCell.h */ = {isa = PBXFileReference; fileEncoding = 4; lastKnownFileType = sourcecode.c.h; path = SelectBuildingCell.h; sourceTree = "<group>"; };
		CFDD36821EEBD4B9007497AC /* SelectBuildingCell.m */ = {isa = PBXFileReference; fileEncoding = 4; lastKnownFileType = sourcecode.c.objc; path = SelectBuildingCell.m; sourceTree = "<group>"; };
		CFDD36831EEBD4B9007497AC /* SelectBuildingCell.xib */ = {isa = PBXFileReference; fileEncoding = 4; lastKnownFileType = file.xib; path = SelectBuildingCell.xib; sourceTree = "<group>"; };
		CFDD36861EEBD87B007497AC /* AreaSectionFilterView.h */ = {isa = PBXFileReference; fileEncoding = 4; lastKnownFileType = sourcecode.c.h; path = AreaSectionFilterView.h; sourceTree = "<group>"; };
		CFDD36871EEBD87B007497AC /* AreaSectionFilterView.m */ = {isa = PBXFileReference; fileEncoding = 4; lastKnownFileType = sourcecode.c.objc; path = AreaSectionFilterView.m; sourceTree = "<group>"; };
		CFDD36891EEBE2C0007497AC /* CityListController.h */ = {isa = PBXFileReference; fileEncoding = 4; lastKnownFileType = sourcecode.c.h; path = CityListController.h; sourceTree = "<group>"; };
		CFDD368A1EEBE2C0007497AC /* CityListController.m */ = {isa = PBXFileReference; fileEncoding = 4; lastKnownFileType = sourcecode.c.objc; path = CityListController.m; sourceTree = "<group>"; };
		CFDD368B1EEBE2C0007497AC /* CityListController.xib */ = {isa = PBXFileReference; fileEncoding = 4; lastKnownFileType = file.xib; path = CityListController.xib; sourceTree = "<group>"; };
		CFDD368E1EEBE52F007497AC /* ContactListController.h */ = {isa = PBXFileReference; fileEncoding = 4; lastKnownFileType = sourcecode.c.h; path = ContactListController.h; sourceTree = "<group>"; };
		CFDD368F1EEBE52F007497AC /* ContactListController.m */ = {isa = PBXFileReference; fileEncoding = 4; lastKnownFileType = sourcecode.c.objc; path = ContactListController.m; sourceTree = "<group>"; };
		CFDD36901EEBE52F007497AC /* ContactListController.xib */ = {isa = PBXFileReference; fileEncoding = 4; lastKnownFileType = file.xib; path = ContactListController.xib; sourceTree = "<group>"; };
		CFDD36931EEBEB4D007497AC /* ContactModel.h */ = {isa = PBXFileReference; fileEncoding = 4; lastKnownFileType = sourcecode.c.h; path = ContactModel.h; sourceTree = "<group>"; };
		CFDD36941EEBEB4D007497AC /* ContactModel.m */ = {isa = PBXFileReference; fileEncoding = 4; lastKnownFileType = sourcecode.c.objc; path = ContactModel.m; sourceTree = "<group>"; };
		CFDD36961EEBF297007497AC /* ContactCell.h */ = {isa = PBXFileReference; fileEncoding = 4; lastKnownFileType = sourcecode.c.h; path = ContactCell.h; sourceTree = "<group>"; };
		CFDD36971EEBF297007497AC /* ContactCell.m */ = {isa = PBXFileReference; fileEncoding = 4; lastKnownFileType = sourcecode.c.objc; path = ContactCell.m; sourceTree = "<group>"; };
		CFDD36981EEBF297007497AC /* ContactCell.xib */ = {isa = PBXFileReference; fileEncoding = 4; lastKnownFileType = file.xib; path = ContactCell.xib; sourceTree = "<group>"; };
		CFE828D31EE39B2F00290C79 /* UIViewController+MBProgressHUD.h */ = {isa = PBXFileReference; fileEncoding = 4; lastKnownFileType = sourcecode.c.h; path = "UIViewController+MBProgressHUD.h"; sourceTree = "<group>"; };
		CFE828D41EE39B3600290C79 /* UIViewController+MBProgressHUD.m */ = {isa = PBXFileReference; fileEncoding = 4; lastKnownFileType = sourcecode.c.objc; path = "UIViewController+MBProgressHUD.m"; sourceTree = "<group>"; };
		CFEEC00C1EE29C0600E1DB74 /* PrefixHeader.pch */ = {isa = PBXFileReference; lastKnownFileType = sourcecode.c.h; path = PrefixHeader.pch; sourceTree = "<group>"; };
		CFEEC00E1EE2A79800E1DB74 /* UIView+Addition.h */ = {isa = PBXFileReference; fileEncoding = 4; lastKnownFileType = sourcecode.c.h; path = "UIView+Addition.h"; sourceTree = "<group>"; };
		CFEEC00F1EE2A79800E1DB74 /* UIView+Addition.m */ = {isa = PBXFileReference; fileEncoding = 4; lastKnownFileType = sourcecode.c.objc; path = "UIView+Addition.m"; sourceTree = "<group>"; };
		CFEEC0111EE2A84000E1DB74 /* UINavigationController+Addition.h */ = {isa = PBXFileReference; fileEncoding = 4; lastKnownFileType = sourcecode.c.h; path = "UINavigationController+Addition.h"; sourceTree = "<group>"; };
		CFEEC0121EE2A84000E1DB74 /* UINavigationController+Addition.m */ = {isa = PBXFileReference; fileEncoding = 4; lastKnownFileType = sourcecode.c.objc; path = "UINavigationController+Addition.m"; sourceTree = "<group>"; };
		CFEEC0141EE2A8A100E1DB74 /* PopBackProtocol.h */ = {isa = PBXFileReference; fileEncoding = 4; lastKnownFileType = sourcecode.c.h; path = PopBackProtocol.h; sourceTree = "<group>"; };
		CFEEC0151EE2B0DD00E1DB74 /* RegisterController.h */ = {isa = PBXFileReference; fileEncoding = 4; lastKnownFileType = sourcecode.c.h; path = RegisterController.h; sourceTree = "<group>"; };
		CFEEC0161EE2B0DD00E1DB74 /* RegisterController.m */ = {isa = PBXFileReference; fileEncoding = 4; lastKnownFileType = sourcecode.c.objc; path = RegisterController.m; sourceTree = "<group>"; };
		CFEEC0171EE2B0DD00E1DB74 /* RegisterController.xib */ = {isa = PBXFileReference; fileEncoding = 4; lastKnownFileType = file.xib; path = RegisterController.xib; sourceTree = "<group>"; };
		CFEEC01A1EE2B5B800E1DB74 /* BuildingController.h */ = {isa = PBXFileReference; fileEncoding = 4; lastKnownFileType = sourcecode.c.h; path = BuildingController.h; sourceTree = "<group>"; };
		CFEEC01B1EE2B5B800E1DB74 /* BuildingController.m */ = {isa = PBXFileReference; fileEncoding = 4; lastKnownFileType = sourcecode.c.objc; path = BuildingController.m; sourceTree = "<group>"; };
		CFEEC01C1EE2B5B800E1DB74 /* BuildingController.xib */ = {isa = PBXFileReference; fileEncoding = 4; lastKnownFileType = file.xib; path = BuildingController.xib; sourceTree = "<group>"; };
		CFEEC01F1EE2BBD100E1DB74 /* TableRefreshManager.h */ = {isa = PBXFileReference; fileEncoding = 4; lastKnownFileType = sourcecode.c.h; path = TableRefreshManager.h; sourceTree = "<group>"; };
		CFEEC0201EE2BBD100E1DB74 /* TableRefreshManager.m */ = {isa = PBXFileReference; fileEncoding = 4; lastKnownFileType = sourcecode.c.objc; path = TableRefreshManager.m; sourceTree = "<group>"; };
		CFEEC0221EE2BE5C00E1DB74 /* UITableView+Addition.h */ = {isa = PBXFileReference; fileEncoding = 4; lastKnownFileType = sourcecode.c.h; path = "UITableView+Addition.h"; sourceTree = "<group>"; };
		CFEEC0231EE2BE5C00E1DB74 /* UITableView+Addition.m */ = {isa = PBXFileReference; fileEncoding = 4; lastKnownFileType = sourcecode.c.objc; path = "UITableView+Addition.m"; sourceTree = "<group>"; };
		EA8EB2A601ECFDD2074A70DA /* Pods-BuildingEasyWeb.debug.xcconfig */ = {isa = PBXFileReference; includeInIndex = 1; lastKnownFileType = text.xcconfig; name = "Pods-BuildingEasyWeb.debug.xcconfig"; path = "Pods/Target Support Files/Pods-BuildingEasyWeb/Pods-BuildingEasyWeb.debug.xcconfig"; sourceTree = "<group>"; };
/* End PBXFileReference section */

/* Begin PBXFrameworksBuildPhase section */
		CF5A4C4B1EE04769002A281B /* Frameworks */ = {
			isa = PBXFrameworksBuildPhase;
			buildActionMask = 2147483647;
			files = (
				CF3061CD1EE3FDC100D3FC7E /* AddressBook.framework in Frameworks */,
				CF3061CB1EE3FDAA00D3FC7E /* Contacts.framework in Frameworks */,
				CF3061C61EE3F85E00D3FC7E /* MapKit.framework in Frameworks */,
				CF184E5E1EE2E878009E7A3C /* CoreLocation.framework in Frameworks */,
				466DFF75999E037E2EF0D274 /* libPods-BuildingEasyWeb.a in Frameworks */,
			);
			runOnlyForDeploymentPostprocessing = 0;
		};
/* End PBXFrameworksBuildPhase section */

/* Begin PBXGroup section */
		33BC198873A37E38AFD996FD /* Pods */ = {
			isa = PBXGroup;
			children = (
				EA8EB2A601ECFDD2074A70DA /* Pods-BuildingEasyWeb.debug.xcconfig */,
				5512E8F545C3BB390F7AACE0 /* Pods-BuildingEasyWeb.release.xcconfig */,
			);
			name = Pods;
			sourceTree = "<group>";
		};
		4B0335ED686B18DD5D492B1C /* Frameworks */ = {
			isa = PBXGroup;
			children = (
				CF3061CC1EE3FDC100D3FC7E /* AddressBook.framework */,
				CF3061CA1EE3FDAA00D3FC7E /* Contacts.framework */,
				CF3061C51EE3F85E00D3FC7E /* MapKit.framework */,
				CF184E5D1EE2E878009E7A3C /* CoreLocation.framework */,
				885945DC87E6AF2F42F4C9AA /* libPods-BuildingEasyWeb.a */,
			);
			name = Frameworks;
			sourceTree = "<group>";
		};
		CF5A4C451EE04769002A281B = {
			isa = PBXGroup;
			children = (
				CF5A4C501EE04769002A281B /* BuildingEasyWeb */,
				CF5A4C4F1EE04769002A281B /* Products */,
				33BC198873A37E38AFD996FD /* Pods */,
				4B0335ED686B18DD5D492B1C /* Frameworks */,
			);
			sourceTree = "<group>";
		};
		CF5A4C4F1EE04769002A281B /* Products */ = {
			isa = PBXGroup;
			children = (
				CF5A4C4E1EE04769002A281B /* BuildingEasyWeb.app */,
			);
			name = Products;
			sourceTree = "<group>";
		};
		CF5A4C501EE04769002A281B /* BuildingEasyWeb */ = {
			isa = PBXGroup;
			children = (
				CF5A4C541EE04769002A281B /* AppDelegate.h */,
				CF5A4C551EE04769002A281B /* AppDelegate.m */,
				CF5A4C6B1EE04AC5002A281B /* Global */,
				CF5A4C681EE04A52002A281B /* 登录 */,
				CF5A4C691EE04A52002A281B /* 客户 */,
				CF5A4C6A1EE04A52002A281B /* 我的 */,
				CF5A4C6C1EE04B74002A281B /* 楼盘 */,
				CF5A4C7E1EE05C2F002A281B /* ThirdParty */,
				CF5A4C5D1EE04769002A281B /* Assets.xcassets */,
				CF5A4C621EE04769002A281B /* Info.plist */,
				CF5A4C511EE04769002A281B /* Supporting Files */,
			);
			path = BuildingEasyWeb;
			sourceTree = "<group>";
		};
		CF5A4C511EE04769002A281B /* Supporting Files */ = {
			isa = PBXGroup;
			children = (
				CF5A4C521EE04769002A281B /* main.m */,
				CFEEC00C1EE29C0600E1DB74 /* PrefixHeader.pch */,
			);
			name = "Supporting Files";
			sourceTree = "<group>";
		};
		CF5A4C681EE04A52002A281B /* 登录 */ = {
			isa = PBXGroup;
			children = (
				CF5A4CB11EE065B0002A281B /* Controller */,
				CF5A4CB21EE065B0002A281B /* Model */,
				CF5A4CB31EE065B0002A281B /* View */,
			);
			path = "登录";
			sourceTree = "<group>";
		};
		CF5A4C691EE04A52002A281B /* 客户 */ = {
			isa = PBXGroup;
			children = (
				CF5A4CB91EE065E6002A281B /* Controller */,
				CF5A4CBA1EE065E6002A281B /* Model */,
				CF5A4CBB1EE065E6002A281B /* View */,
			);
			path = "客户";
			sourceTree = "<group>";
		};
		CF5A4C6A1EE04A52002A281B /* 我的 */ = {
			isa = PBXGroup;
			children = (
				CF5A4CBC1EE065FF002A281B /* Controller */,
				CF5A4CBD1EE065FF002A281B /* Model */,
				CF5A4CBE1EE065FF002A281B /* View */,
			);
			path = "我的";
			sourceTree = "<group>";
		};
		CF5A4C6B1EE04AC5002A281B /* Global */ = {
			isa = PBXGroup;
			children = (
				CF5A4C751EE0533E002A281B /* Controller */,
				CFEEC00D1EE2A71300E1DB74 /* Category */,
				CF5A4C761EE0533E002A281B /* Model */,
				CF5A4C771EE0533E002A281B /* View */,
			);
			path = Global;
			sourceTree = "<group>";
		};
		CF5A4C6C1EE04B74002A281B /* 楼盘 */ = {
			isa = PBXGroup;
			children = (
				CF5A4CBF1EE06618002A281B /* Controller */,
				CF5A4CC01EE06618002A281B /* Model */,
				CF5A4CC11EE06618002A281B /* View */,
			);
			path = "楼盘";
			sourceTree = "<group>";
		};
		CF5A4C751EE0533E002A281B /* Controller */ = {
			isa = PBXGroup;
			children = (
				CF5A4C781EE05357002A281B /* BaseController.h */,
				CF5A4C791EE05357002A281B /* BaseController.m */,
				CF7720F91EE6D6FD00DD5AE2 /* MainTabController.h */,
				CF7720FA1EE6D6FD00DD5AE2 /* MainTabController.m */,
			);
			path = Controller;
			sourceTree = "<group>";
		};
		CF5A4C761EE0533E002A281B /* Model */ = {
			isa = PBXGroup;
			children = (
				CFB630071EE250DC00AE5919 /* NetworkManager.h */,
				CFB630081EE250DC00AE5919 /* NetworkManager.m */,
				CF5A4C7B1EE053EE002A281B /* LoginManager.h */,
				CF5A4C7C1EE053EE002A281B /* LoginManager.m */,
				CF5A4CC21EE0663C002A281B /* User.h */,
				CF5A4CC31EE0663C002A281B /* User.m */,
				CFEEC01F1EE2BBD100E1DB74 /* TableRefreshManager.h */,
				CFEEC0201EE2BBD100E1DB74 /* TableRefreshManager.m */,
				CF184E5A1EE2E844009E7A3C /* LocationManager.h */,
				CF184E5B1EE2E844009E7A3C /* LocationManager.m */,
				CF3061C71EE3F96500D3FC7E /* OpenSystemUrlManager.h */,
				CF3061C81EE3F96500D3FC7E /* OpenSystemUrlManager.m */,
				CF3061CE1EE4003A00D3FC7E /* ContactManager.h */,
				CF3061CF1EE4003A00D3FC7E /* ContactManager.m */,
				CFDD36931EEBEB4D007497AC /* ContactModel.h */,
				CFDD36941EEBEB4D007497AC /* ContactModel.m */,
				CF5785D51EE59D2100994741 /* Global.h */,
				CF5785D61EE59D2100994741 /* Global.m */,
			);
			path = Model;
			sourceTree = "<group>";
		};
		CF5A4C771EE0533E002A281B /* View */ = {
			isa = PBXGroup;
			children = (
				CF7721391EE6F34900DD5AE2 /* AdsScrollView.h */,
				CF77213A1EE6F34900DD5AE2 /* AdsScrollView.m */,
				CF7721361EE6F32100DD5AE2 /* SectionFilterView.h */,
				CF7721371EE6F32100DD5AE2 /* SectionFilterView.m */,
			);
			path = View;
			sourceTree = "<group>";
		};
		CF5A4C7E1EE05C2F002A281B /* ThirdParty */ = {
			isa = PBXGroup;
			children = (
			);
			path = ThirdParty;
			sourceTree = "<group>";
		};
		CF5A4CB11EE065B0002A281B /* Controller */ = {
			isa = PBXGroup;
			children = (
				CF5A4CB41EE065C6002A281B /* LoginController.h */,
				CF5A4CB51EE065C6002A281B /* LoginController.m */,
				CF5A4CB61EE065C6002A281B /* LoginController.xib */,
				CFEEC0151EE2B0DD00E1DB74 /* RegisterController.h */,
				CFEEC0161EE2B0DD00E1DB74 /* RegisterController.m */,
				CFEEC0171EE2B0DD00E1DB74 /* RegisterController.xib */,
				CF5785D81EE5A3C400994741 /* FindPassWordController.h */,
				CF5785D91EE5A3C400994741 /* FindPassWordController.m */,
				CF5785DA1EE5A3C400994741 /* FindPassWordController.xib */,
			);
			path = Controller;
			sourceTree = "<group>";
		};
		CF5A4CB21EE065B0002A281B /* Model */ = {
			isa = PBXGroup;
			children = (
			);
			path = Model;
			sourceTree = "<group>";
		};
		CF5A4CB31EE065B0002A281B /* View */ = {
			isa = PBXGroup;
			children = (
			);
			path = View;
			sourceTree = "<group>";
		};
		CF5A4CB91EE065E6002A281B /* Controller */ = {
			isa = PBXGroup;
			children = (
			);
			path = Controller;
			sourceTree = "<group>";
		};
		CF5A4CBA1EE065E6002A281B /* Model */ = {
			isa = PBXGroup;
			children = (
			);
			path = Model;
			sourceTree = "<group>";
		};
		CF5A4CBB1EE065E6002A281B /* View */ = {
			isa = PBXGroup;
			children = (
			);
			path = View;
			sourceTree = "<group>";
		};
		CF5A4CBC1EE065FF002A281B /* Controller */ = {
			isa = PBXGroup;
			children = (
				C782F4961EEBCAD80067C07F /* AboutMeController.h */,
				C782F4971EEBCAD80067C07F /* AboutMeController.m */,
				C782F4981EEBCAD80067C07F /* AboutMeController.xib */,
				C782F4821EE9B9FC0067C07F /* MeController.h */,
				C782F4831EE9B9FC0067C07F /* MeController.m */,
				C782F4841EE9B9FC0067C07F /* MeController.xib */,
				C782F49B1EED21790067C07F /* FeedbackController.h */,
				C782F49C1EED21790067C07F /* FeedbackController.m */,
				C782F49D1EED21790067C07F /* FeedbackController.xib */,
				C782F4A01EED51BE0067C07F /* MyMessageController.h */,
				C782F4A11EED51BE0067C07F /* MyMessageController.m */,
				C782F4A21EED51BE0067C07F /* MyMessageController.xib */,
				C7BBCE681EF0414B000EF857 /* MyInfoController.h */,
				C7BBCE691EF0414B000EF857 /* MyInfoController.m */,
				C7BBCE6A1EF0414B000EF857 /* MyInfoController.xib */,
			);
			path = Controller;
			sourceTree = "<group>";
		};
		CF5A4CBD1EE065FF002A281B /* Model */ = {
			isa = PBXGroup;
			children = (
				C782F4AA1EEEF78B0067C07F /* MsgModel.h */,
				C782F4AB1EEEF78B0067C07F /* MsgModel.m */,
			);
			path = Model;
			sourceTree = "<group>";
		};
		CF5A4CBE1EE065FF002A281B /* View */ = {
			isa = PBXGroup;
			children = (
				C782F4A51EEDB5910067C07F /* MyMsgCell.h */,
				C782F4A61EEDB5910067C07F /* MyMsgCell.m */,
				C782F4A71EEDB5910067C07F /* MyMsgCell.xib */,
				C782F47D1EE9B9DD0067C07F /* MeCellBase.h */,
				C782F47E1EE9B9DD0067C07F /* MeCellBase.m */,
				C782F47F1EE9B9DD0067C07F /* MeCellBase.xib */,
				C782F4871EE9CDAD0067C07F /* MeCellInfo.h */,
				C782F4881EE9CDAD0067C07F /* MeCellInfo.m */,
				C782F4891EE9CDAD0067C07F /* MeCellInfo.xib */,
				C782F48C1EE9D7430067C07F /* MeCellStatus.h */,
				C782F48D1EE9D7430067C07F /* MeCellStatus.m */,
				C782F48E1EE9D7430067C07F /* MeCellStatus.xib */,
			);
			path = View;
			sourceTree = "<group>";
		};
		CF5A4CBF1EE06618002A281B /* Controller */ = {
			isa = PBXGroup;
			children = (
				CFEEC01A1EE2B5B800E1DB74 /* BuildingController.h */,
				CFEEC01B1EE2B5B800E1DB74 /* BuildingController.m */,
				CFEEC01C1EE2B5B800E1DB74 /* BuildingController.xib */,
				CF55FF151EE8316B00B0ACD9 /* BuildingDetailController.h */,
				CF55FF161EE8316B00B0ACD9 /* BuildingDetailController.m */,
				CF55FF171EE8316B00B0ACD9 /* BuildingDetailController.xib */,
				CF413D531EEAE9A0009A1B50 /* BaobeiController.h */,
				CF413D541EEAE9A0009A1B50 /* BaobeiController.m */,
				CF413D551EEAE9A0009A1B50 /* BaobeiController.xib */,
				CFDD36791EEBCAB5007497AC /* SelectBuildingController.h */,
				CFDD367A1EEBCAB5007497AC /* SelectBuildingController.m */,
				CFDD367B1EEBCAB5007497AC /* SelectBuildingController.xib */,
				CFDD36891EEBE2C0007497AC /* CityListController.h */,
				CFDD368A1EEBE2C0007497AC /* CityListController.m */,
				CFDD368B1EEBE2C0007497AC /* CityListController.xib */,
				CFDD368E1EEBE52F007497AC /* ContactListController.h */,
				CFDD368F1EEBE52F007497AC /* ContactListController.m */,
				CFDD36901EEBE52F007497AC /* ContactListController.xib */,
			);
			path = Controller;
			sourceTree = "<group>";
		};
		CF5A4CC01EE06618002A281B /* Model */ = {
			isa = PBXGroup;
			children = (
				CFD016911EED353F003E1BF8 /* CityModel.h */,
				CFD016921EED353F003E1BF8 /* CityModel.m */,
				CF45481C1EEEE3E0001829E9 /* BuildingListModel.h */,
				CF45481D1EEEE3E0001829E9 /* BuildingListModel.m */,
			);
			path = Model;
			sourceTree = "<group>";
		};
		CF5A4CC11EE06618002A281B /* View */ = {
			isa = PBXGroup;
			children = (
				CF7721151EE6DEF200DD5AE2 /* BuildingCell.h */,
				CF7721161EE6DEF200DD5AE2 /* BuildingCell.m */,
				CF7721171EE6DEF200DD5AE2 /* BuildingCell.xib */,
				CF413D4E1EEADDE7009A1B50 /* BuildingBaseInfoCell.h */,
				CF413D4F1EEADDE7009A1B50 /* BuildingBaseInfoCell.m */,
				CF413D501EEADDE7009A1B50 /* BuildingBaseInfoCell.xib */,
				CF665BF61EEB9AB200028B1B /* BaobeiCell.h */,
				CF665BF71EEB9AB200028B1B /* BaobeiCell.m */,
				CF665BF81EEB9AB200028B1B /* BaobeiCell.xib */,
				CFDD36811EEBD4B9007497AC /* SelectBuildingCell.h */,
				CFDD36821EEBD4B9007497AC /* SelectBuildingCell.m */,
				CFDD36831EEBD4B9007497AC /* SelectBuildingCell.xib */,
				CFDD36861EEBD87B007497AC /* AreaSectionFilterView.h */,
				CFDD36871EEBD87B007497AC /* AreaSectionFilterView.m */,
				CFDD36961EEBF297007497AC /* ContactCell.h */,
				CFDD36971EEBF297007497AC /* ContactCell.m */,
				CFDD36981EEBF297007497AC /* ContactCell.xib */,
				CF2F53A21EF184AA00A2DADD /* BuildingSectionView.h */,
				CF2F53A31EF184AA00A2DADD /* BuildingSectionView.m */,
				CF2F53A51EF184B600A2DADD /* BuildingSectionView.xib */,
			);
			path = View;
			sourceTree = "<group>";
		};
		CFEEC00D1EE2A71300E1DB74 /* Category */ = {
			isa = PBXGroup;
			children = (
				CFE828D31EE39B2F00290C79 /* UIViewController+MBProgressHUD.h */,
				CFE828D41EE39B3600290C79 /* UIViewController+MBProgressHUD.m */,
				CFEEC00E1EE2A79800E1DB74 /* UIView+Addition.h */,
				CFEEC00F1EE2A79800E1DB74 /* UIView+Addition.m */,
				CF5785D21EE59B6700994741 /* UIView+MBProgressHUD.h */,
				CF5785D31EE59B6700994741 /* UIView+MBProgressHUD.m */,
				CFEEC0141EE2A8A100E1DB74 /* PopBackProtocol.h */,
				CFEEC0111EE2A84000E1DB74 /* UINavigationController+Addition.h */,
				CFEEC0121EE2A84000E1DB74 /* UINavigationController+Addition.m */,
				CFEEC0221EE2BE5C00E1DB74 /* UITableView+Addition.h */,
				CFEEC0231EE2BE5C00E1DB74 /* UITableView+Addition.m */,
				CF413D581EEAF44E009A1B50 /* NSString+Addition.h */,
				CF413D591EEAF44E009A1B50 /* NSString+Addition.m */,
				CFDD367E1EEBCF38007497AC /* CALayer+Addition.h */,
				CFDD367F1EEBCF38007497AC /* CALayer+Addition.m */,
			);
			path = Category;
			sourceTree = "<group>";
		};
/* End PBXGroup section */

/* Begin PBXNativeTarget section */
		CF5A4C4D1EE04769002A281B /* BuildingEasyWeb */ = {
			isa = PBXNativeTarget;
			buildConfigurationList = CF5A4C651EE04769002A281B /* Build configuration list for PBXNativeTarget "BuildingEasyWeb" */;
			buildPhases = (
				49F4EEFAB637595D55F4DDCF /* [CP] Check Pods Manifest.lock */,
				CF5A4C4A1EE04769002A281B /* Sources */,
				CF5A4C4B1EE04769002A281B /* Frameworks */,
				CF5A4C4C1EE04769002A281B /* Resources */,
				D2AE5C51C7D016C2B4250B09 /* [CP] Embed Pods Frameworks */,
				91E3A9B66F5B9AC838628C6A /* [CP] Copy Pods Resources */,
			);
			buildRules = (
			);
			dependencies = (
			);
			name = BuildingEasyWeb;
			productName = BuildingEasyWeb;
			productReference = CF5A4C4E1EE04769002A281B /* BuildingEasyWeb.app */;
			productType = "com.apple.product-type.application";
		};
/* End PBXNativeTarget section */

/* Begin PBXProject section */
		CF5A4C461EE04769002A281B /* Project object */ = {
			isa = PBXProject;
			attributes = {
				LastUpgradeCheck = 0830;
				ORGANIZATIONNAME = zhenghongyi;
				TargetAttributes = {
					CF5A4C4D1EE04769002A281B = {
						CreatedOnToolsVersion = 8.3.2;
						DevelopmentTeam = D97EM46M64;
						ProvisioningStyle = Automatic;
					};
				};
			};
			buildConfigurationList = CF5A4C491EE04769002A281B /* Build configuration list for PBXProject "BuildingEasyWeb" */;
			compatibilityVersion = "Xcode 3.2";
			developmentRegion = English;
			hasScannedForEncodings = 0;
			knownRegions = (
				en,
				Base,
			);
			mainGroup = CF5A4C451EE04769002A281B;
			productRefGroup = CF5A4C4F1EE04769002A281B /* Products */;
			projectDirPath = "";
			projectRoot = "";
			targets = (
				CF5A4C4D1EE04769002A281B /* BuildingEasyWeb */,
			);
		};
/* End PBXProject section */

/* Begin PBXResourcesBuildPhase section */
		CF5A4C4C1EE04769002A281B /* Resources */ = {
			isa = PBXResourcesBuildPhase;
			buildActionMask = 2147483647;
			files = (
				CF5A4C5E1EE04769002A281B /* Assets.xcassets in Resources */,
				CF665BFA1EEB9AB200028B1B /* BaobeiCell.xib in Resources */,
				CF413D521EEADDE7009A1B50 /* BuildingBaseInfoCell.xib in Resources */,
				CFDD369A1EEBF297007497AC /* ContactCell.xib in Resources */,
				CFDD368D1EEBE2C0007497AC /* CityListController.xib in Resources */,
				C782F49F1EED21790067C07F /* FeedbackController.xib in Resources */,
				CF2F53A61EF184B600A2DADD /* BuildingSectionView.xib in Resources */,
				C782F4A91EEDB5910067C07F /* MyMsgCell.xib in Resources */,
				CFDD36921EEBE52F007497AC /* ContactListController.xib in Resources */,
				C782F48B1EE9CDAD0067C07F /* MeCellInfo.xib in Resources */,
				CF55FF191EE8316B00B0ACD9 /* BuildingDetailController.xib in Resources */,
				CFDD36851EEBD4B9007497AC /* SelectBuildingCell.xib in Resources */,
				CFEEC01E1EE2B5B800E1DB74 /* BuildingController.xib in Resources */,
				C782F4901EE9D7430067C07F /* MeCellStatus.xib in Resources */,
				CF5A4CB81EE065C6002A281B /* LoginController.xib in Resources */,
				C782F49A1EEBCAD80067C07F /* AboutMeController.xib in Resources */,
				CFEEC0191EE2B0DD00E1DB74 /* RegisterController.xib in Resources */,
				CF5785DC1EE5A3C400994741 /* FindPassWordController.xib in Resources */,
				C782F4811EE9B9DD0067C07F /* MeCellBase.xib in Resources */,
				C782F4A41EED51BE0067C07F /* MyMessageController.xib in Resources */,
				C7BBCE6C1EF0414B000EF857 /* MyInfoController.xib in Resources */,
				CF7721191EE6DEF200DD5AE2 /* BuildingCell.xib in Resources */,
				CF413D571EEAE9A0009A1B50 /* BaobeiController.xib in Resources */,
				C782F4861EE9B9FC0067C07F /* MeController.xib in Resources */,
				CFDD367D1EEBCAB5007497AC /* SelectBuildingController.xib in Resources */,
			);
			runOnlyForDeploymentPostprocessing = 0;
		};
/* End PBXResourcesBuildPhase section */

/* Begin PBXShellScriptBuildPhase section */
		49F4EEFAB637595D55F4DDCF /* [CP] Check Pods Manifest.lock */ = {
			isa = PBXShellScriptBuildPhase;
			buildActionMask = 2147483647;
			files = (
			);
			inputPaths = (
			);
			name = "[CP] Check Pods Manifest.lock";
			outputPaths = (
			);
			runOnlyForDeploymentPostprocessing = 0;
			shellPath = /bin/sh;
			shellScript = "diff \"${PODS_PODFILE_DIR_PATH}/Podfile.lock\" \"${PODS_ROOT}/Manifest.lock\" > /dev/null\nif [ $? != 0 ] ; then\n    # print error to STDERR\n    echo \"error: The sandbox is not in sync with the Podfile.lock. Run 'pod install' or update your CocoaPods installation.\" >&2\n    exit 1\nfi\n";
			showEnvVarsInLog = 0;
		};
		91E3A9B66F5B9AC838628C6A /* [CP] Copy Pods Resources */ = {
			isa = PBXShellScriptBuildPhase;
			buildActionMask = 2147483647;
			files = (
			);
			inputPaths = (
			);
			name = "[CP] Copy Pods Resources";
			outputPaths = (
			);
			runOnlyForDeploymentPostprocessing = 0;
			shellPath = /bin/sh;
			shellScript = "\"${SRCROOT}/Pods/Target Support Files/Pods-BuildingEasyWeb/Pods-BuildingEasyWeb-resources.sh\"\n";
			showEnvVarsInLog = 0;
		};
		D2AE5C51C7D016C2B4250B09 /* [CP] Embed Pods Frameworks */ = {
			isa = PBXShellScriptBuildPhase;
			buildActionMask = 2147483647;
			files = (
			);
			inputPaths = (
			);
			name = "[CP] Embed Pods Frameworks";
			outputPaths = (
			);
			runOnlyForDeploymentPostprocessing = 0;
			shellPath = /bin/sh;
			shellScript = "\"${SRCROOT}/Pods/Target Support Files/Pods-BuildingEasyWeb/Pods-BuildingEasyWeb-frameworks.sh\"\n";
			showEnvVarsInLog = 0;
		};
/* End PBXShellScriptBuildPhase section */

/* Begin PBXSourcesBuildPhase section */
		CF5A4C4A1EE04769002A281B /* Sources */ = {
			isa = PBXSourcesBuildPhase;
			buildActionMask = 2147483647;
			files = (
				CFDD36801EEBCF38007497AC /* CALayer+Addition.m in Sources */,
				CFDD36841EEBD4B9007497AC /* SelectBuildingCell.m in Sources */,
				CF5785D41EE59B6700994741 /* UIView+MBProgressHUD.m in Sources */,
				CFEEC01D1EE2B5B800E1DB74 /* BuildingController.m in Sources */,
				CFD016931EED353F003E1BF8 /* CityModel.m in Sources */,
				CFDD368C1EEBE2C0007497AC /* CityListController.m in Sources */,
				CFB630091EE250DC00AE5919 /* NetworkManager.m in Sources */,
				CFE828D51EE39B3600290C79 /* UIViewController+MBProgressHUD.m in Sources */,
				C782F4A31EED51BE0067C07F /* MyMessageController.m in Sources */,
				C782F4851EE9B9FC0067C07F /* MeController.m in Sources */,
				CFEEC0211EE2BBD100E1DB74 /* TableRefreshManager.m in Sources */,
				CF5A4C7A1EE05357002A281B /* BaseController.m in Sources */,
				CF413D5A1EEAF44E009A1B50 /* NSString+Addition.m in Sources */,
				CF7720FB1EE6D6FD00DD5AE2 /* MainTabController.m in Sources */,
				CFEEC0131EE2A84000E1DB74 /* UINavigationController+Addition.m in Sources */,
				CF3061C91EE3F96500D3FC7E /* OpenSystemUrlManager.m in Sources */,
				CFDD36951EEBEB4D007497AC /* ContactModel.m in Sources */,
				CF5785D71EE59D2100994741 /* Global.m in Sources */,
				CFDD36991EEBF297007497AC /* ContactCell.m in Sources */,
				CF5A4CC41EE0663C002A281B /* User.m in Sources */,
				CF55FF181EE8316B00B0ACD9 /* BuildingDetailController.m in Sources */,
				CF7721181EE6DEF200DD5AE2 /* BuildingCell.m in Sources */,
				CF5A4C7D1EE053EE002A281B /* LoginManager.m in Sources */,
				CF5785DB1EE5A3C400994741 /* FindPassWordController.m in Sources */,
				CFDD367C1EEBCAB5007497AC /* SelectBuildingController.m in Sources */,
				CF2F53A41EF184AA00A2DADD /* BuildingSectionView.m in Sources */,
				CF45481E1EEEE3E0001829E9 /* BuildingListModel.m in Sources */,
				CF3061D01EE4003A00D3FC7E /* ContactManager.m in Sources */,
				CF413D511EEADDE7009A1B50 /* BuildingBaseInfoCell.m in Sources */,
				CFEEC0101EE2A79800E1DB74 /* UIView+Addition.m in Sources */,
				C7BBCE6B1EF0414B000EF857 /* MyInfoController.m in Sources */,
				CFDD36881EEBD87B007497AC /* AreaSectionFilterView.m in Sources */,
				CF184E5C1EE2E844009E7A3C /* LocationManager.m in Sources */,
				CFEEC0241EE2BE5C00E1DB74 /* UITableView+Addition.m in Sources */,
				CF5A4C561EE04769002A281B /* AppDelegate.m in Sources */,
				C782F4AC1EEEF78B0067C07F /* MsgModel.m in Sources */,
				C782F49E1EED21790067C07F /* FeedbackController.m in Sources */,
				C782F4991EEBCAD80067C07F /* AboutMeController.m in Sources */,
				C782F48A1EE9CDAD0067C07F /* MeCellInfo.m in Sources */,
				C782F48F1EE9D7430067C07F /* MeCellStatus.m in Sources */,
				CF5A4CB71EE065C6002A281B /* LoginController.m in Sources */,
				C782F4A81EEDB5910067C07F /* MyMsgCell.m in Sources */,
				CF77213B1EE6F34900DD5AE2 /* AdsScrollView.m in Sources */,
				CF665BF91EEB9AB200028B1B /* BaobeiCell.m in Sources */,
				CF413D561EEAE9A0009A1B50 /* BaobeiController.m in Sources */,
				CF7721381EE6F32100DD5AE2 /* SectionFilterView.m in Sources */,
				CF5A4C531EE04769002A281B /* main.m in Sources */,
				CFEEC0181EE2B0DD00E1DB74 /* RegisterController.m in Sources */,
				CFDD36911EEBE52F007497AC /* ContactListController.m in Sources */,
				C782F4801EE9B9DD0067C07F /* MeCellBase.m in Sources */,
			);
			runOnlyForDeploymentPostprocessing = 0;
		};
/* End PBXSourcesBuildPhase section */

/* Begin XCBuildConfiguration section */
		CF5A4C631EE04769002A281B /* Debug */ = {
			isa = XCBuildConfiguration;
			buildSettings = {
				ALWAYS_SEARCH_USER_PATHS = NO;
				CLANG_ANALYZER_NONNULL = YES;
				CLANG_ANALYZER_NUMBER_OBJECT_CONVERSION = YES_AGGRESSIVE;
				CLANG_CXX_LANGUAGE_STANDARD = "gnu++0x";
				CLANG_CXX_LIBRARY = "libc++";
				CLANG_ENABLE_MODULES = YES;
				CLANG_ENABLE_OBJC_ARC = YES;
				CLANG_WARN_BOOL_CONVERSION = YES;
				CLANG_WARN_CONSTANT_CONVERSION = YES;
				CLANG_WARN_DIRECT_OBJC_ISA_USAGE = YES_ERROR;
				CLANG_WARN_DOCUMENTATION_COMMENTS = YES;
				CLANG_WARN_EMPTY_BODY = YES;
				CLANG_WARN_ENUM_CONVERSION = YES;
				CLANG_WARN_INFINITE_RECURSION = YES;
				CLANG_WARN_INT_CONVERSION = YES;
				CLANG_WARN_OBJC_ROOT_CLASS = YES_ERROR;
				CLANG_WARN_SUSPICIOUS_MOVE = YES;
				CLANG_WARN_UNREACHABLE_CODE = YES;
				CLANG_WARN__DUPLICATE_METHOD_MATCH = YES;
				"CODE_SIGN_IDENTITY[sdk=iphoneos*]" = "iPhone Developer";
				COPY_PHASE_STRIP = NO;
				DEBUG_INFORMATION_FORMAT = dwarf;
				ENABLE_STRICT_OBJC_MSGSEND = YES;
				ENABLE_TESTABILITY = YES;
				GCC_C_LANGUAGE_STANDARD = gnu99;
				GCC_DYNAMIC_NO_PIC = NO;
				GCC_NO_COMMON_BLOCKS = YES;
				GCC_OPTIMIZATION_LEVEL = 0;
				GCC_PREPROCESSOR_DEFINITIONS = (
					"DEBUG=1",
					"$(inherited)",
				);
				GCC_WARN_64_TO_32_BIT_CONVERSION = YES;
				GCC_WARN_ABOUT_RETURN_TYPE = YES_ERROR;
				GCC_WARN_UNDECLARED_SELECTOR = YES;
				GCC_WARN_UNINITIALIZED_AUTOS = YES_AGGRESSIVE;
				GCC_WARN_UNUSED_FUNCTION = YES;
				GCC_WARN_UNUSED_VARIABLE = YES;
				IPHONEOS_DEPLOYMENT_TARGET = 10.3;
				MTL_ENABLE_DEBUG_INFO = YES;
				ONLY_ACTIVE_ARCH = YES;
				SDKROOT = iphoneos;
			};
			name = Debug;
		};
		CF5A4C641EE04769002A281B /* Release */ = {
			isa = XCBuildConfiguration;
			buildSettings = {
				ALWAYS_SEARCH_USER_PATHS = NO;
				CLANG_ANALYZER_NONNULL = YES;
				CLANG_ANALYZER_NUMBER_OBJECT_CONVERSION = YES_AGGRESSIVE;
				CLANG_CXX_LANGUAGE_STANDARD = "gnu++0x";
				CLANG_CXX_LIBRARY = "libc++";
				CLANG_ENABLE_MODULES = YES;
				CLANG_ENABLE_OBJC_ARC = YES;
				CLANG_WARN_BOOL_CONVERSION = YES;
				CLANG_WARN_CONSTANT_CONVERSION = YES;
				CLANG_WARN_DIRECT_OBJC_ISA_USAGE = YES_ERROR;
				CLANG_WARN_DOCUMENTATION_COMMENTS = YES;
				CLANG_WARN_EMPTY_BODY = YES;
				CLANG_WARN_ENUM_CONVERSION = YES;
				CLANG_WARN_INFINITE_RECURSION = YES;
				CLANG_WARN_INT_CONVERSION = YES;
				CLANG_WARN_OBJC_ROOT_CLASS = YES_ERROR;
				CLANG_WARN_SUSPICIOUS_MOVE = YES;
				CLANG_WARN_UNREACHABLE_CODE = YES;
				CLANG_WARN__DUPLICATE_METHOD_MATCH = YES;
				"CODE_SIGN_IDENTITY[sdk=iphoneos*]" = "iPhone Developer";
				COPY_PHASE_STRIP = NO;
				DEBUG_INFORMATION_FORMAT = "dwarf-with-dsym";
				ENABLE_NS_ASSERTIONS = NO;
				ENABLE_STRICT_OBJC_MSGSEND = YES;
				GCC_C_LANGUAGE_STANDARD = gnu99;
				GCC_NO_COMMON_BLOCKS = YES;
				GCC_WARN_64_TO_32_BIT_CONVERSION = YES;
				GCC_WARN_ABOUT_RETURN_TYPE = YES_ERROR;
				GCC_WARN_UNDECLARED_SELECTOR = YES;
				GCC_WARN_UNINITIALIZED_AUTOS = YES_AGGRESSIVE;
				GCC_WARN_UNUSED_FUNCTION = YES;
				GCC_WARN_UNUSED_VARIABLE = YES;
				IPHONEOS_DEPLOYMENT_TARGET = 10.3;
				MTL_ENABLE_DEBUG_INFO = NO;
				SDKROOT = iphoneos;
				VALIDATE_PRODUCT = YES;
			};
			name = Release;
		};
		CF5A4C661EE04769002A281B /* Debug */ = {
			isa = XCBuildConfiguration;
			baseConfigurationReference = EA8EB2A601ECFDD2074A70DA /* Pods-BuildingEasyWeb.debug.xcconfig */;
			buildSettings = {
				ASSETCATALOG_COMPILER_APPICON_NAME = AppIcon;
				ASSETCATALOG_COMPILER_LAUNCHIMAGE_NAME = LaunchImage;
				DEVELOPMENT_TEAM = D97EM46M64;
				GCC_PRECOMPILE_PREFIX_HEADER = YES;
				GCC_PREFIX_HEADER = "$(SRCROOT)/BuildingEasyWeb/PrefixHeader.pch";
				INFOPLIST_FILE = BuildingEasyWeb/Info.plist;
				IPHONEOS_DEPLOYMENT_TARGET = 8.0;
				LD_RUNPATH_SEARCH_PATHS = "$(inherited) @executable_path/Frameworks";
				PRODUCT_BUNDLE_IDENTIFIER = zhenghongyi.BuildingEasyWeb;
				PRODUCT_NAME = "$(TARGET_NAME)";
			};
			name = Debug;
		};
		CF5A4C671EE04769002A281B /* Release */ = {
			isa = XCBuildConfiguration;
			baseConfigurationReference = 5512E8F545C3BB390F7AACE0 /* Pods-BuildingEasyWeb.release.xcconfig */;
			buildSettings = {
				ASSETCATALOG_COMPILER_APPICON_NAME = AppIcon;
				ASSETCATALOG_COMPILER_LAUNCHIMAGE_NAME = LaunchImage;
				DEVELOPMENT_TEAM = D97EM46M64;
				GCC_PRECOMPILE_PREFIX_HEADER = YES;
				GCC_PREFIX_HEADER = "$(SRCROOT)/BuildingEasyWeb/PrefixHeader.pch";
				INFOPLIST_FILE = BuildingEasyWeb/Info.plist;
				IPHONEOS_DEPLOYMENT_TARGET = 8.0;
				LD_RUNPATH_SEARCH_PATHS = "$(inherited) @executable_path/Frameworks";
				PRODUCT_BUNDLE_IDENTIFIER = zhenghongyi.BuildingEasyWeb;
				PRODUCT_NAME = "$(TARGET_NAME)";
			};
			name = Release;
		};
/* End XCBuildConfiguration section */

/* Begin XCConfigurationList section */
		CF5A4C491EE04769002A281B /* Build configuration list for PBXProject "BuildingEasyWeb" */ = {
			isa = XCConfigurationList;
			buildConfigurations = (
				CF5A4C631EE04769002A281B /* Debug */,
				CF5A4C641EE04769002A281B /* Release */,
			);
			defaultConfigurationIsVisible = 0;
			defaultConfigurationName = Release;
		};
		CF5A4C651EE04769002A281B /* Build configuration list for PBXNativeTarget "BuildingEasyWeb" */ = {
			isa = XCConfigurationList;
			buildConfigurations = (
				CF5A4C661EE04769002A281B /* Debug */,
				CF5A4C671EE04769002A281B /* Release */,
			);
			defaultConfigurationIsVisible = 0;
			defaultConfigurationName = Release;
		};
/* End XCConfigurationList section */
	};
	rootObject = CF5A4C461EE04769002A281B /* Project object */;
}
